<?xml version="1.0" encoding="utf-8"?>
<Project ToolsVersion="4.0" xmlns="http://schemas.microsoft.com/developer/msbuild/2003">
  <ItemGroup>
    <Filter Include="Source Files">
      <UniqueIdentifier>{12543872-986b-44b6-a9b8-b2304cd7fa38}</UniqueIdentifier>
    </Filter>
    <Filter Include="Generated Files">
      <UniqueIdentifier>{72751568-f2a6-4be1-9e8f-439b3aac0523}</UniqueIdentifier>
      <SourceControlFiles>False</SourceControlFiles>
    </Filter>
  </ItemGroup>
  <ItemGroup>
    <None Include="ThingXps.def" />
  </ItemGroup>
  <ItemGroup>
    <ClCompile Include="ThingX_i.c">
      <Filter>Generated Files</Filter>
    </ClCompile>
    <ClCompile Include="ThingX_p.c">
      <Filter>Generated Files</Filter>
    </ClCompile>
    <ClCompile Include="dlldata.c">
      <Filter>Generated Files</Filter>
    </ClCompile>
  </ItemGroup>
</Project>